# This file is generated by running "yarn install" inside your project.
# Manual changes might be lost - proceed with caution!

__metadata:
  version: 5
  cacheKey: 8

"@jujulego/flow@workspace:.":
  version: 0.0.0-use.local
  resolution: "@jujulego/flow@workspace:."
  dependencies:
    "@types/lodash.flatten": 4.4.6
    "@types/node": 14.18.12
    lodash.flatten: ^4.4.0
    typescript: 4.5.4
  languageName: unknown
  linkType: soft

"@types/lodash.flatten@npm:4.4.6":
  version: 4.4.6
  resolution: "@types/lodash.flatten@npm:4.4.6"
  dependencies:
    "@types/lodash": "*"
  checksum: f37c2afb328717f8cc4d3523d0c894c2241c8f56edb0a141b0a0034ba2612eb3b5359e8604e2072ea8858f8080a0e9bdb1e4528e66ca90118f287bbc29448c50
  languageName: node
  linkType: hard

"@types/lodash@npm:*":
  version: 4.14.178
  resolution: "@types/lodash@npm:4.14.178"
  checksum: a69a04a60bfc5257c3130a554b4efa0c383f0141b7b3db8ab7cf07ad2a46ea085fce66d0242da41da7e5647b133d5dfb2c15add9cbed8d7fef955e4a1e5b3128
  languageName: node
  linkType: hard

"@types/node@npm:14.18.12":
  version: 14.18.12
  resolution: "@types/node@npm:14.18.12"
  checksum: 8a0273caa0584020adb8802784fc7d4f18f05e6c205335b7f3818a91d6b0c22736b9f51da3428d5bc54076ad47f1a4d6d57990a3ce8489a520ac66b2b3ff24bc
  languageName: node
  linkType: hard

"lodash.flatten@npm:^4.4.0":
  version: 4.4.0
  resolution: "lodash.flatten@npm:4.4.0"
  checksum: 0ac34a393d4b795d4b7421153d27c13ae67e08786c9cbb60ff5b732210d46f833598eee3fb3844bb10070e8488efe390ea53bb567377e0cb47e9e630bf0811cb
  languageName: node
  linkType: hard

"typescript@npm:4.5.4":
  version: 4.5.4
  resolution: "typescript@npm:4.5.4"
  bin:
    tsc: bin/tsc
    tsserver: bin/tsserver
  checksum: 59f3243f9cd6fe3161e6150ff6bf795fc843b4234a655dbd938a310515e0d61afd1ac942799e7415e4334255e41c2c49b7dd5d9fd38a17acd25a6779ca7e0961
  languageName: node
  linkType: hard

"typescript@patch:typescript@4.5.4#~builtin<compat/typescript>":
  version: 4.5.4
  resolution: "typescript@patch:typescript@npm%3A4.5.4#~builtin<compat/typescript>::version=4.5.4&hash=493e53"
  bin:
    tsc: bin/tsc
    tsserver: bin/tsserver
  checksum: 2e488dde7d2c4a2fa2e79cf2470600f8ce81bc0563c276b72df8ff412d74456ae532ba824650ae936ce207440c79720ddcfaa25e3cb4477572b8534fa4e34d49
  languageName: node
  linkType: hard
